
Microsoft Visual Studio Solution File, Format Version 12.00
# Visual Studio Version 17
VisualStudioVersion = 17.9.34607.119
MinimumVisualStudioVersion = 10.0.40219.1
Project("{FAE04EC0-301F-11D3-BF4B-00C04F79EFBC}") = "2.unite uygulama 8", "2.unite uygulama 8\2.unite uygulama 8.csproj", "{0B913DB3-F3C1-4D24-8946-DC6BEC2A403A}"
EndProject
Global
	GlobalSection(SolutionConfigurationPlatforms) = preSolution
		Debug|Any CPU = Debug|Any CPU
		Release|Any CPU = Release|Any CPU
	EndGlobalSection
	GlobalSection(ProjectConfigurationPlatforms) = postSolution
		{0B913DB3-F3C1-4D24-8946-DC6BEC2A403A}.Debug|Any CPU.ActiveCfg = Debug|Any CPU
		{0B913DB3-F3C1-4D24-8946-DC6BEC2A403A}.Debug|Any CPU.Build.0 = Debug|Any CPU
		{0B913DB3-F3C1-4D24-8946-DC6BEC2A403A}.Release|Any CPU.ActiveCfg = Release|Any CPU
		{0B913DB3-F3C1-4D24-8946-DC6BEC2A403A}.Release|Any CPU.Build.0 = Release|Any CPU
	EndGlobalSection
	GlobalSection(SolutionProperties) = preSolution
		HideSolutionNode = FALSE
	EndGlobalSection
	GlobalSection(ExtensibilityGlobals) = postSolution
		SolutionGuid = {54383C9B-C73F-4F26-BED3-7EC534D5D4DE}
	EndGlobalSection
EndGlobal
